// !$*UTF8*$!
{
	archiveVersion = 1;
	classes = {
	};
	objectVersion = 55;
	objects = {

/* Begin PBXBuildFile section */
		4B0B5BBE27DC791C005EB4D3 /* warriorsApp.swift in Sources */ = {isa = PBXBuildFile; fileRef = 4B0B5BBD27DC791C005EB4D3 /* warriorsApp.swift */; };
		4B0B5BC027DC791C005EB4D3 /* ContentView.swift in Sources */ = {isa = PBXBuildFile; fileRef = 4B0B5BBF27DC791C005EB4D3 /* ContentView.swift */; };
		4B0B5BC227DC791E005EB4D3 /* Assets.xcassets in Resources */ = {isa = PBXBuildFile; fileRef = 4B0B5BC127DC791E005EB4D3 /* Assets.xcassets */; };
		4B0B5BC527DC791E005EB4D3 /* Preview Assets.xcassets in Resources */ = {isa = PBXBuildFile; fileRef = 4B0B5BC427DC791E005EB4D3 /* Preview Assets.xcassets */; };
		4B0B5BCC27DC7941005EB4D3 /* Warriors.swift in Sources */ = {isa = PBXBuildFile; fileRef = 4B0B5BCB27DC7941005EB4D3 /* Warriors.swift */; };
		4B0B5BCE27DD33C1005EB4D3 /* StandingsView.swift in Sources */ = {isa = PBXBuildFile; fileRef = 4B0B5BCD27DD33C1005EB4D3 /* StandingsView.swift */; };
		4B0B5BD027DD3532005EB4D3 /* API.swift in Sources */ = {isa = PBXBuildFile; fileRef = 4B0B5BCF27DD3532005EB4D3 /* API.swift */; };
		4B0B5BD327DD4517005EB4D3 /* StandingsViewModel.swift in Sources */ = {isa = PBXBuildFile; fileRef = 4B0B5BD227DD4517005EB4D3 /* StandingsViewModel.swift */; };
		4B0B5BD527DD451E005EB4D3 /* StandingsHeaderView.swift in Sources */ = {isa = PBXBuildFile; fileRef = 4B0B5BD427DD451E005EB4D3 /* StandingsHeaderView.swift */; };
		4B0B5BD727DD4547005EB4D3 /* StandingsResponse.swift in Sources */ = {isa = PBXBuildFile; fileRef = 4B0B5BD627DD4547005EB4D3 /* StandingsResponse.swift */; };
		4B0B5BD927DD457F005EB4D3 /* StandingsTeamView.swift in Sources */ = {isa = PBXBuildFile; fileRef = 4B0B5BD827DD457F005EB4D3 /* StandingsTeamView.swift */; };
		4B0B5BDB27DD45E2005EB4D3 /* Status.swift in Sources */ = {isa = PBXBuildFile; fileRef = 4B0B5BDA27DD45E2005EB4D3 /* Status.swift */; };
		4B0B5BDE27DD47D3005EB4D3 /* ScheduleView.swift in Sources */ = {isa = PBXBuildFile; fileRef = 4B0B5BDD27DD47D3005EB4D3 /* ScheduleView.swift */; };
		4B0B5BE027DD47EC005EB4D3 /* ScheduleViewModel.swift in Sources */ = {isa = PBXBuildFile; fileRef = 4B0B5BDF27DD47EC005EB4D3 /* ScheduleViewModel.swift */; };
		4B0B5BE227DD47F5005EB4D3 /* ScheduleResponse.swift in Sources */ = {isa = PBXBuildFile; fileRef = 4B0B5BE127DD47F5005EB4D3 /* ScheduleResponse.swift */; };
		4B0B5BE727DD4839005EB4D3 /* ScoresViewModel.swift in Sources */ = {isa = PBXBuildFile; fileRef = 4B0B5BE427DD4839005EB4D3 /* ScoresViewModel.swift */; };
		4B0B5BE827DD4839005EB4D3 /* ScoresView.swift in Sources */ = {isa = PBXBuildFile; fileRef = 4B0B5BE527DD4839005EB4D3 /* ScoresView.swift */; };
		4B0B5BE927DD4839005EB4D3 /* ScoresResponse.swift in Sources */ = {isa = PBXBuildFile; fileRef = 4B0B5BE627DD4839005EB4D3 /* ScoresResponse.swift */; };
		4B0B5BEB27DDBA9B005EB4D3 /* Refreshable.swift in Sources */ = {isa = PBXBuildFile; fileRef = 4B0B5BEA27DDBA9B005EB4D3 /* Refreshable.swift */; };
		4B0B5BED27DDBB1B005EB4D3 /* ScheduledGameView.swift in Sources */ = {isa = PBXBuildFile; fileRef = 4B0B5BEC27DDBB1B005EB4D3 /* ScheduledGameView.swift */; };
		4B0B5BEF27DDCFE7005EB4D3 /* GameView.swift in Sources */ = {isa = PBXBuildFile; fileRef = 4B0B5BEE27DDCFE7005EB4D3 /* GameView.swift */; };
		4B0B5BF227DDD664005EB4D3 /* LeadersView.swift in Sources */ = {isa = PBXBuildFile; fileRef = 4B0B5BF127DDD664005EB4D3 /* LeadersView.swift */; };
		4B0B5BF427DDD66C005EB4D3 /* LeadersResponse.swift in Sources */ = {isa = PBXBuildFile; fileRef = 4B0B5BF327DDD66C005EB4D3 /* LeadersResponse.swift */; };
		4B0B5BF627DDD674005EB4D3 /* LeadersViewModel.swift in Sources */ = {isa = PBXBuildFile; fileRef = 4B0B5BF527DDD674005EB4D3 /* LeadersViewModel.swift */; };
		4B0B5BF827DDDA70005EB4D3 /* Skater.swift in Sources */ = {isa = PBXBuildFile; fileRef = 4B0B5BF727DDDA70005EB4D3 /* Skater.swift */; };
		4B0B5BFA27DDDE60005EB4D3 /* SkatersHeaderView.swift in Sources */ = {isa = PBXBuildFile; fileRef = 4B0B5BF927DDDE60005EB4D3 /* SkatersHeaderView.swift */; };
		4B0B5BFD27DF0B45005EB4D3 /* RosterView.swift in Sources */ = {isa = PBXBuildFile; fileRef = 4B0B5BFC27DF0B45005EB4D3 /* RosterView.swift */; };
		4B0B5BFF27DF0B5C005EB4D3 /* RosterViewModel.swift in Sources */ = {isa = PBXBuildFile; fileRef = 4B0B5BFE27DF0B5C005EB4D3 /* RosterViewModel.swift */; };
		4B0B5C0127DF0B76005EB4D3 /* RosterResponse.swift in Sources */ = {isa = PBXBuildFile; fileRef = 4B0B5C0027DF0B76005EB4D3 /* RosterResponse.swift */; };
		4B0B5C0327DF132F005EB4D3 /* StatType.swift in Sources */ = {isa = PBXBuildFile; fileRef = 4B0B5C0227DF132F005EB4D3 /* StatType.swift */; };
		4B0B5C0627DF1F94005EB4D3 /* GameDetailViewModel.swift in Sources */ = {isa = PBXBuildFile; fileRef = 4B0B5C0527DF1F94005EB4D3 /* GameDetailViewModel.swift */; };
		4B0B5C0827DF1F9C005EB4D3 /* GameDetailView.swift in Sources */ = {isa = PBXBuildFile; fileRef = 4B0B5C0727DF1F9C005EB4D3 /* GameDetailView.swift */; };
		4B0B5C0A27DF2053005EB4D3 /* GameDetailResponse.swift in Sources */ = {isa = PBXBuildFile; fileRef = 4B0B5C0927DF2053005EB4D3 /* GameDetailResponse.swift */; };
		4B0B5C0C27E1CBD0005EB4D3 /* BoxScoreHeaderView.swift in Sources */ = {isa = PBXBuildFile; fileRef = 4B0B5C0B27E1CBD0005EB4D3 /* BoxScoreHeaderView.swift */; };
		4B0B5C0E27E1CBF3005EB4D3 /* BoxScoreView.swift in Sources */ = {isa = PBXBuildFile; fileRef = 4B0B5C0D27E1CBF3005EB4D3 /* BoxScoreView.swift */; };
		4B0B5C1127E1CC19005EB4D3 /* BoxScore.swift in Sources */ = {isa = PBXBuildFile; fileRef = 4B0B5C1027E1CC19005EB4D3 /* BoxScore.swift */; };
		4B0B5C1427E1CFBA005EB4D3 /* SummaryViewModel.swift in Sources */ = {isa = PBXBuildFile; fileRef = 4B0B5C1327E1CFBA005EB4D3 /* SummaryViewModel.swift */; };
		4B0B5C1627E1D3E7005EB4D3 /* SummaryView.swift in Sources */ = {isa = PBXBuildFile; fileRef = 4B0B5C1527E1D3E7005EB4D3 /* SummaryView.swift */; };
		4B0B5C1827E1D42A005EB4D3 /* GoalSummaryView.swift in Sources */ = {isa = PBXBuildFile; fileRef = 4B0B5C1727E1D42A005EB4D3 /* GoalSummaryView.swift */; };
		4B0B5C1A27E1D445005EB4D3 /* TeamAvatarView.swift in Sources */ = {isa = PBXBuildFile; fileRef = 4B0B5C1927E1D445005EB4D3 /* TeamAvatarView.swift */; };
		4B53F7252849EA5C00A7EDBE /* SafariView.swift in Sources */ = {isa = PBXBuildFile; fileRef = 4B53F7242849EA5C00A7EDBE /* SafariView.swift */; };
		4B53F7272849EA7A00A7EDBE /* GameScoresView.swift in Sources */ = {isa = PBXBuildFile; fileRef = 4B53F7262849EA7A00A7EDBE /* GameScoresView.swift */; };
		4B7DCFE527E7020800E42862 /* TeamViewModel.swift in Sources */ = {isa = PBXBuildFile; fileRef = 4B7DCFE427E7020800E42862 /* TeamViewModel.swift */; };
		4B7DCFE727E7022900E42862 /* TeamView.swift in Sources */ = {isa = PBXBuildFile; fileRef = 4B7DCFE627E7022900E42862 /* TeamView.swift */; };
/* End PBXBuildFile section */

/* Begin PBXFileReference section */
		4B0B5BBA27DC791C005EB4D3 /* Warriors.app */ = {isa = PBXFileReference; explicitFileType = wrapper.application; includeInIndex = 0; path = Warriors.app; sourceTree = BUILT_PRODUCTS_DIR; };
		4B0B5BBD27DC791C005EB4D3 /* warriorsApp.swift */ = {isa = PBXFileReference; lastKnownFileType = sourcecode.swift; path = warriorsApp.swift; sourceTree = "<group>"; };
		4B0B5BBF27DC791C005EB4D3 /* ContentView.swift */ = {isa = PBXFileReference; lastKnownFileType = sourcecode.swift; path = ContentView.swift; sourceTree = "<group>"; };
		4B0B5BC127DC791E005EB4D3 /* Assets.xcassets */ = {isa = PBXFileReference; lastKnownFileType = folder.assetcatalog; path = Assets.xcassets; sourceTree = "<group>"; };
		4B0B5BC427DC791E005EB4D3 /* Preview Assets.xcassets */ = {isa = PBXFileReference; lastKnownFileType = folder.assetcatalog; path = "Preview Assets.xcassets"; sourceTree = "<group>"; };
		4B0B5BCB27DC7941005EB4D3 /* Warriors.swift */ = {isa = PBXFileReference; lastKnownFileType = sourcecode.swift; path = Warriors.swift; sourceTree = "<group>"; };
		4B0B5BCD27DD33C1005EB4D3 /* StandingsView.swift */ = {isa = PBXFileReference; lastKnownFileType = sourcecode.swift; path = StandingsView.swift; sourceTree = "<group>"; };
		4B0B5BCF27DD3532005EB4D3 /* API.swift */ = {isa = PBXFileReference; lastKnownFileType = sourcecode.swift; path = API.swift; sourceTree = "<group>"; };
		4B0B5BD227DD4517005EB4D3 /* StandingsViewModel.swift */ = {isa = PBXFileReference; lastKnownFileType = sourcecode.swift; path = StandingsViewModel.swift; sourceTree = "<group>"; };
		4B0B5BD427DD451E005EB4D3 /* StandingsHeaderView.swift */ = {isa = PBXFileReference; lastKnownFileType = sourcecode.swift; path = StandingsHeaderView.swift; sourceTree = "<group>"; };
		4B0B5BD627DD4547005EB4D3 /* StandingsResponse.swift */ = {isa = PBXFileReference; lastKnownFileType = sourcecode.swift; path = StandingsResponse.swift; sourceTree = "<group>"; };
		4B0B5BD827DD457F005EB4D3 /* StandingsTeamView.swift */ = {isa = PBXFileReference; lastKnownFileType = sourcecode.swift; path = StandingsTeamView.swift; sourceTree = "<group>"; };
		4B0B5BDA27DD45E2005EB4D3 /* Status.swift */ = {isa = PBXFileReference; lastKnownFileType = sourcecode.swift; path = Status.swift; sourceTree = "<group>"; };
		4B0B5BDD27DD47D3005EB4D3 /* ScheduleView.swift */ = {isa = PBXFileReference; lastKnownFileType = sourcecode.swift; path = ScheduleView.swift; sourceTree = "<group>"; };
		4B0B5BDF27DD47EC005EB4D3 /* ScheduleViewModel.swift */ = {isa = PBXFileReference; lastKnownFileType = sourcecode.swift; path = ScheduleViewModel.swift; sourceTree = "<group>"; };
		4B0B5BE127DD47F5005EB4D3 /* ScheduleResponse.swift */ = {isa = PBXFileReference; lastKnownFileType = sourcecode.swift; path = ScheduleResponse.swift; sourceTree = "<group>"; };
		4B0B5BE427DD4839005EB4D3 /* ScoresViewModel.swift */ = {isa = PBXFileReference; fileEncoding = 4; lastKnownFileType = sourcecode.swift; path = ScoresViewModel.swift; sourceTree = "<group>"; };
		4B0B5BE527DD4839005EB4D3 /* ScoresView.swift */ = {isa = PBXFileReference; fileEncoding = 4; lastKnownFileType = sourcecode.swift; path = ScoresView.swift; sourceTree = "<group>"; };
		4B0B5BE627DD4839005EB4D3 /* ScoresResponse.swift */ = {isa = PBXFileReference; fileEncoding = 4; lastKnownFileType = sourcecode.swift; path = ScoresResponse.swift; sourceTree = "<group>"; };
		4B0B5BEA27DDBA9B005EB4D3 /* Refreshable.swift */ = {isa = PBXFileReference; lastKnownFileType = sourcecode.swift; path = Refreshable.swift; sourceTree = "<group>"; };
		4B0B5BEC27DDBB1B005EB4D3 /* ScheduledGameView.swift */ = {isa = PBXFileReference; lastKnownFileType = sourcecode.swift; path = ScheduledGameView.swift; sourceTree = "<group>"; };
		4B0B5BEE27DDCFE7005EB4D3 /* GameView.swift */ = {isa = PBXFileReference; lastKnownFileType = sourcecode.swift; path = GameView.swift; sourceTree = "<group>"; };
		4B0B5BF127DDD664005EB4D3 /* LeadersView.swift */ = {isa = PBXFileReference; lastKnownFileType = sourcecode.swift; path = LeadersView.swift; sourceTree = "<group>"; };
		4B0B5BF327DDD66C005EB4D3 /* LeadersResponse.swift */ = {isa = PBXFileReference; lastKnownFileType = sourcecode.swift; path = LeadersResponse.swift; sourceTree = "<group>"; };
		4B0B5BF527DDD674005EB4D3 /* LeadersViewModel.swift */ = {isa = PBXFileReference; lastKnownFileType = sourcecode.swift; path = LeadersViewModel.swift; sourceTree = "<group>"; };
		4B0B5BF727DDDA70005EB4D3 /* Skater.swift */ = {isa = PBXFileReference; lastKnownFileType = sourcecode.swift; path = Skater.swift; sourceTree = "<group>"; };
		4B0B5BF927DDDE60005EB4D3 /* SkatersHeaderView.swift */ = {isa = PBXFileReference; lastKnownFileType = sourcecode.swift; path = SkatersHeaderView.swift; sourceTree = "<group>"; };
		4B0B5BFC27DF0B45005EB4D3 /* RosterView.swift */ = {isa = PBXFileReference; lastKnownFileType = sourcecode.swift; path = RosterView.swift; sourceTree = "<group>"; };
		4B0B5BFE27DF0B5C005EB4D3 /* RosterViewModel.swift */ = {isa = PBXFileReference; lastKnownFileType = sourcecode.swift; path = RosterViewModel.swift; sourceTree = "<group>"; };
		4B0B5C0027DF0B76005EB4D3 /* RosterResponse.swift */ = {isa = PBXFileReference; lastKnownFileType = sourcecode.swift; path = RosterResponse.swift; sourceTree = "<group>"; };
		4B0B5C0227DF132F005EB4D3 /* StatType.swift */ = {isa = PBXFileReference; lastKnownFileType = sourcecode.swift; path = StatType.swift; sourceTree = "<group>"; };
		4B0B5C0527DF1F94005EB4D3 /* GameDetailViewModel.swift */ = {isa = PBXFileReference; lastKnownFileType = sourcecode.swift; path = GameDetailViewModel.swift; sourceTree = "<group>"; };
		4B0B5C0727DF1F9C005EB4D3 /* GameDetailView.swift */ = {isa = PBXFileReference; lastKnownFileType = sourcecode.swift; path = GameDetailView.swift; sourceTree = "<group>"; };
		4B0B5C0927DF2053005EB4D3 /* GameDetailResponse.swift */ = {isa = PBXFileReference; lastKnownFileType = sourcecode.swift; path = GameDetailResponse.swift; sourceTree = "<group>"; };
		4B0B5C0B27E1CBD0005EB4D3 /* BoxScoreHeaderView.swift */ = {isa = PBXFileReference; lastKnownFileType = sourcecode.swift; path = BoxScoreHeaderView.swift; sourceTree = "<group>"; };
		4B0B5C0D27E1CBF3005EB4D3 /* BoxScoreView.swift */ = {isa = PBXFileReference; lastKnownFileType = sourcecode.swift; path = BoxScoreView.swift; sourceTree = "<group>"; };
		4B0B5C1027E1CC19005EB4D3 /* BoxScore.swift */ = {isa = PBXFileReference; lastKnownFileType = sourcecode.swift; path = BoxScore.swift; sourceTree = "<group>"; };
		4B0B5C1327E1CFBA005EB4D3 /* SummaryViewModel.swift */ = {isa = PBXFileReference; lastKnownFileType = sourcecode.swift; path = SummaryViewModel.swift; sourceTree = "<group>"; };
		4B0B5C1527E1D3E7005EB4D3 /* SummaryView.swift */ = {isa = PBXFileReference; lastKnownFileType = sourcecode.swift; path = SummaryView.swift; sourceTree = "<group>"; };
		4B0B5C1727E1D42A005EB4D3 /* GoalSummaryView.swift */ = {isa = PBXFileReference; lastKnownFileType = sourcecode.swift; path = GoalSummaryView.swift; sourceTree = "<group>"; };
		4B0B5C1927E1D445005EB4D3 /* TeamAvatarView.swift */ = {isa = PBXFileReference; lastKnownFileType = sourcecode.swift; path = TeamAvatarView.swift; sourceTree = "<group>"; };
		4B53F7242849EA5C00A7EDBE /* SafariView.swift */ = {isa = PBXFileReference; lastKnownFileType = sourcecode.swift; path = SafariView.swift; sourceTree = "<group>"; };
		4B53F7262849EA7A00A7EDBE /* GameScoresView.swift */ = {isa = PBXFileReference; lastKnownFileType = sourcecode.swift; path = GameScoresView.swift; sourceTree = "<group>"; };
		4B7DCFE427E7020800E42862 /* TeamViewModel.swift */ = {isa = PBXFileReference; lastKnownFileType = sourcecode.swift; path = TeamViewModel.swift; sourceTree = "<group>"; };
		4B7DCFE627E7022900E42862 /* TeamView.swift */ = {isa = PBXFileReference; lastKnownFileType = sourcecode.swift; path = TeamView.swift; sourceTree = "<group>"; };
/* End PBXFileReference section */

/* Begin PBXFrameworksBuildPhase section */
		4B0B5BB727DC791C005EB4D3 /* Frameworks */ = {
			isa = PBXFrameworksBuildPhase;
			buildActionMask = 2147483647;
			files = (
			);
			runOnlyForDeploymentPostprocessing = 0;
		};
/* End PBXFrameworksBuildPhase section */

/* Begin PBXGroup section */
		4B0B5BB127DC791C005EB4D3 = {
			isa = PBXGroup;
			children = (
				4B0B5BBC27DC791C005EB4D3 /* warriors */,
				4B0B5BBB27DC791C005EB4D3 /* Products */,
			);
			sourceTree = "<group>";
		};
		4B0B5BBB27DC791C005EB4D3 /* Products */ = {
			isa = PBXGroup;
			children = (
				4B0B5BBA27DC791C005EB4D3 /* Warriors.app */,
			);
			name = Products;
			sourceTree = "<group>";
		};
		4B0B5BBC27DC791C005EB4D3 /* warriors */ = {
			isa = PBXGroup;
			children = (
				4B0B5BBD27DC791C005EB4D3 /* warriorsApp.swift */,
				4B0B5BBF27DC791C005EB4D3 /* ContentView.swift */,
				4B53F7242849EA5C00A7EDBE /* SafariView.swift */,
				4B0B5BDA27DD45E2005EB4D3 /* Status.swift */,
				4B0B5BEA27DDBA9B005EB4D3 /* Refreshable.swift */,
				4B0B5BCF27DD3532005EB4D3 /* API.swift */,
				4B0B5C0227DF132F005EB4D3 /* StatType.swift */,
				4B0B5BFB27DF0B08005EB4D3 /* Roster */,
				4B0B5BF027DDD64A005EB4D3 /* Leaders */,
				4B0B5BD127DD4509005EB4D3 /* Standings */,
				4B0B5BDC27DD47C8005EB4D3 /* Schedule */,
				4B0B5BE327DD4839005EB4D3 /* Scores */,
				4B0B5BCB27DC7941005EB4D3 /* Warriors.swift */,
				4B0B5BC127DC791E005EB4D3 /* Assets.xcassets */,
				4B0B5BC327DC791E005EB4D3 /* Preview Content */,
			);
			path = warriors;
			sourceTree = "<group>";
		};
		4B0B5BC327DC791E005EB4D3 /* Preview Content */ = {
			isa = PBXGroup;
			children = (
				4B0B5BC427DC791E005EB4D3 /* Preview Assets.xcassets */,
			);
			path = "Preview Content";
			sourceTree = "<group>";
		};
		4B0B5BD127DD4509005EB4D3 /* Standings */ = {
			isa = PBXGroup;
			children = (
				4B0B5BCD27DD33C1005EB4D3 /* StandingsView.swift */,
				4B0B5BD627DD4547005EB4D3 /* StandingsResponse.swift */,
				4B0B5BD227DD4517005EB4D3 /* StandingsViewModel.swift */,
				4B0B5BD427DD451E005EB4D3 /* StandingsHeaderView.swift */,
				4B0B5BD827DD457F005EB4D3 /* StandingsTeamView.swift */,
			);
			path = Standings;
			sourceTree = "<group>";
		};
		4B0B5BDC27DD47C8005EB4D3 /* Schedule */ = {
			isa = PBXGroup;
			children = (
				4B0B5BDD27DD47D3005EB4D3 /* ScheduleView.swift */,
				4B0B5BEE27DDCFE7005EB4D3 /* GameView.swift */,
				4B0B5BEC27DDBB1B005EB4D3 /* ScheduledGameView.swift */,
				4B0B5BDF27DD47EC005EB4D3 /* ScheduleViewModel.swift */,
				4B0B5BE127DD47F5005EB4D3 /* ScheduleResponse.swift */,
			);
			path = Schedule;
			sourceTree = "<group>";
		};
		4B0B5BE327DD4839005EB4D3 /* Scores */ = {
			isa = PBXGroup;
			children = (
				4B0B5C0427DF1F88005EB4D3 /* GameDetail */,
				4B0B5BE427DD4839005EB4D3 /* ScoresViewModel.swift */,
				4B0B5BE527DD4839005EB4D3 /* ScoresView.swift */,
				4B53F7262849EA7A00A7EDBE /* GameScoresView.swift */,
				4B0B5BE627DD4839005EB4D3 /* ScoresResponse.swift */,
			);
			path = Scores;
			sourceTree = "<group>";
		};
		4B0B5BF027DDD64A005EB4D3 /* Leaders */ = {
			isa = PBXGroup;
			children = (
				4B0B5BF127DDD664005EB4D3 /* LeadersView.swift */,
				4B0B5BF927DDDE60005EB4D3 /* SkatersHeaderView.swift */,
				4B0B5BF327DDD66C005EB4D3 /* LeadersResponse.swift */,
				4B0B5BF527DDD674005EB4D3 /* LeadersViewModel.swift */,
				4B0B5BF727DDDA70005EB4D3 /* Skater.swift */,
			);
			path = Leaders;
			sourceTree = "<group>";
		};
		4B0B5BFB27DF0B08005EB4D3 /* Roster */ = {
			isa = PBXGroup;
			children = (
				4B0B5BFC27DF0B45005EB4D3 /* RosterView.swift */,
				4B0B5BFE27DF0B5C005EB4D3 /* RosterViewModel.swift */,
				4B0B5C0027DF0B76005EB4D3 /* RosterResponse.swift */,
			);
			path = Roster;
			sourceTree = "<group>";
		};
		4B0B5C0427DF1F88005EB4D3 /* GameDetail */ = {
			isa = PBXGroup;
			children = (
				4B0B5C1227E1CFB0005EB4D3 /* Summary */,
				4B0B5C0F27E1CBFB005EB4D3 /* BoxScore */,
				4B0B5C0527DF1F94005EB4D3 /* GameDetailViewModel.swift */,
				4B0B5C0927DF2053005EB4D3 /* GameDetailResponse.swift */,
				4B0B5C0727DF1F9C005EB4D3 /* GameDetailView.swift */,
				4B7DCFE427E7020800E42862 /* TeamViewModel.swift */,
				4B7DCFE627E7022900E42862 /* TeamView.swift */,
				4B0B5C1927E1D445005EB4D3 /* TeamAvatarView.swift */,
			);
			path = GameDetail;
			sourceTree = "<group>";
		};
		4B0B5C0F27E1CBFB005EB4D3 /* BoxScore */ = {
			isa = PBXGroup;
			children = (
				4B0B5C0B27E1CBD0005EB4D3 /* BoxScoreHeaderView.swift */,
				4B0B5C0D27E1CBF3005EB4D3 /* BoxScoreView.swift */,
				4B0B5C1027E1CC19005EB4D3 /* BoxScore.swift */,
			);
			path = BoxScore;
			sourceTree = "<group>";
		};
		4B0B5C1227E1CFB0005EB4D3 /* Summary */ = {
			isa = PBXGroup;
			children = (
				4B0B5C1327E1CFBA005EB4D3 /* SummaryViewModel.swift */,
				4B0B5C1527E1D3E7005EB4D3 /* SummaryView.swift */,
				4B0B5C1727E1D42A005EB4D3 /* GoalSummaryView.swift */,
			);
			path = Summary;
			sourceTree = "<group>";
		};
/* End PBXGroup section */

/* Begin PBXNativeTarget section */
		4B0B5BB927DC791C005EB4D3 /* Warriors */ = {
			isa = PBXNativeTarget;
			buildConfigurationList = 4B0B5BC827DC791E005EB4D3 /* Build configuration list for PBXNativeTarget "Warriors" */;
			buildPhases = (
				4B0B5BB627DC791C005EB4D3 /* Sources */,
				4B0B5BB727DC791C005EB4D3 /* Frameworks */,
				4B0B5BB827DC791C005EB4D3 /* Resources */,
			);
			buildRules = (
			);
			dependencies = (
			);
			name = Warriors;
			productName = warriors;
			productReference = 4B0B5BBA27DC791C005EB4D3 /* Warriors.app */;
			productType = "com.apple.product-type.application";
		};
/* End PBXNativeTarget section */

/* Begin PBXProject section */
		4B0B5BB227DC791C005EB4D3 /* Project object */ = {
			isa = PBXProject;
			attributes = {
				BuildIndependentTargetsInParallel = 1;
				LastSwiftUpdateCheck = 1320;
				LastUpgradeCheck = 1320;
				TargetAttributes = {
					4B0B5BB927DC791C005EB4D3 = {
						CreatedOnToolsVersion = 13.2.1;
					};
				};
			};
			buildConfigurationList = 4B0B5BB527DC791C005EB4D3 /* Build configuration list for PBXProject "warriors" */;
			compatibilityVersion = "Xcode 13.0";
			developmentRegion = en;
			hasScannedForEncodings = 0;
			knownRegions = (
				en,
				Base,
			);
			mainGroup = 4B0B5BB127DC791C005EB4D3;
			productRefGroup = 4B0B5BBB27DC791C005EB4D3 /* Products */;
			projectDirPath = "";
			projectRoot = "";
			targets = (
				4B0B5BB927DC791C005EB4D3 /* Warriors */,
			);
		};
/* End PBXProject section */

/* Begin PBXResourcesBuildPhase section */
		4B0B5BB827DC791C005EB4D3 /* Resources */ = {
			isa = PBXResourcesBuildPhase;
			buildActionMask = 2147483647;
			files = (
				4B0B5BC527DC791E005EB4D3 /* Preview Assets.xcassets in Resources */,
				4B0B5BC227DC791E005EB4D3 /* Assets.xcassets in Resources */,
			);
			runOnlyForDeploymentPostprocessing = 0;
		};
/* End PBXResourcesBuildPhase section */

/* Begin PBXSourcesBuildPhase section */
		4B0B5BB627DC791C005EB4D3 /* Sources */ = {
			isa = PBXSourcesBuildPhase;
			buildActionMask = 2147483647;
			files = (
				4B0B5BD327DD4517005EB4D3 /* StandingsViewModel.swift in Sources */,
				4B53F7272849EA7A00A7EDBE /* GameScoresView.swift in Sources */,
				4B53F7252849EA5C00A7EDBE /* SafariView.swift in Sources */,
				4B0B5BDB27DD45E2005EB4D3 /* Status.swift in Sources */,
				4B0B5BC027DC791C005EB4D3 /* ContentView.swift in Sources */,
				4B0B5C0827DF1F9C005EB4D3 /* GameDetailView.swift in Sources */,
				4B0B5BCE27DD33C1005EB4D3 /* StandingsView.swift in Sources */,
				4B0B5C0A27DF2053005EB4D3 /* GameDetailResponse.swift in Sources */,
				4B0B5BCC27DC7941005EB4D3 /* Warriors.swift in Sources */,
				4B0B5BD727DD4547005EB4D3 /* StandingsResponse.swift in Sources */,
				4B7DCFE527E7020800E42862 /* TeamViewModel.swift in Sources */,
				4B0B5BBE27DC791C005EB4D3 /* warriorsApp.swift in Sources */,
				4B0B5BFD27DF0B45005EB4D3 /* RosterView.swift in Sources */,
				4B0B5C0127DF0B76005EB4D3 /* RosterResponse.swift in Sources */,
				4B0B5C1427E1CFBA005EB4D3 /* SummaryViewModel.swift in Sources */,
				4B0B5BF827DDDA70005EB4D3 /* Skater.swift in Sources */,
				4B0B5BE027DD47EC005EB4D3 /* ScheduleViewModel.swift in Sources */,
				4B0B5C0327DF132F005EB4D3 /* StatType.swift in Sources */,
				4B0B5BD927DD457F005EB4D3 /* StandingsTeamView.swift in Sources */,
				4B0B5BE727DD4839005EB4D3 /* ScoresViewModel.swift in Sources */,
				4B0B5C1627E1D3E7005EB4D3 /* SummaryView.swift in Sources */,
				4B0B5BED27DDBB1B005EB4D3 /* ScheduledGameView.swift in Sources */,
				4B0B5BF227DDD664005EB4D3 /* LeadersView.swift in Sources */,
				4B0B5C0627DF1F94005EB4D3 /* GameDetailViewModel.swift in Sources */,
				4B0B5BF427DDD66C005EB4D3 /* LeadersResponse.swift in Sources */,
				4B0B5C1127E1CC19005EB4D3 /* BoxScore.swift in Sources */,
				4B0B5BEB27DDBA9B005EB4D3 /* Refreshable.swift in Sources */,
				4B0B5C1A27E1D445005EB4D3 /* TeamAvatarView.swift in Sources */,
				4B0B5C0E27E1CBF3005EB4D3 /* BoxScoreView.swift in Sources */,
				4B7DCFE727E7022900E42862 /* TeamView.swift in Sources */,
				4B0B5BD027DD3532005EB4D3 /* API.swift in Sources */,
				4B0B5BEF27DDCFE7005EB4D3 /* GameView.swift in Sources */,
				4B0B5BDE27DD47D3005EB4D3 /* ScheduleView.swift in Sources */,
				4B0B5C1827E1D42A005EB4D3 /* GoalSummaryView.swift in Sources */,
				4B0B5BD527DD451E005EB4D3 /* StandingsHeaderView.swift in Sources */,
				4B0B5BFA27DDDE60005EB4D3 /* SkatersHeaderView.swift in Sources */,
				4B0B5BFF27DF0B5C005EB4D3 /* RosterViewModel.swift in Sources */,
				4B0B5BE927DD4839005EB4D3 /* ScoresResponse.swift in Sources */,
				4B0B5C0C27E1CBD0005EB4D3 /* BoxScoreHeaderView.swift in Sources */,
				4B0B5BF627DDD674005EB4D3 /* LeadersViewModel.swift in Sources */,
				4B0B5BE827DD4839005EB4D3 /* ScoresView.swift in Sources */,
				4B0B5BE227DD47F5005EB4D3 /* ScheduleResponse.swift in Sources */,
			);
			runOnlyForDeploymentPostprocessing = 0;
		};
/* End PBXSourcesBuildPhase section */

/* Begin XCBuildConfiguration section */
		4B0B5BC627DC791E005EB4D3 /* Debug */ = {
			isa = XCBuildConfiguration;
			buildSettings = {
				ALWAYS_SEARCH_USER_PATHS = NO;
				CLANG_ANALYZER_NONNULL = YES;
				CLANG_ANALYZER_NUMBER_OBJECT_CONVERSION = YES_AGGRESSIVE;
				CLANG_CXX_LANGUAGE_STANDARD = "gnu++17";
				CLANG_CXX_LIBRARY = "libc++";
				CLANG_ENABLE_MODULES = YES;
				CLANG_ENABLE_OBJC_ARC = YES;
				CLANG_ENABLE_OBJC_WEAK = YES;
				CLANG_WARN_BLOCK_CAPTURE_AUTORELEASING = YES;
				CLANG_WARN_BOOL_CONVERSION = YES;
				CLANG_WARN_COMMA = YES;
				CLANG_WARN_CONSTANT_CONVERSION = YES;
				CLANG_WARN_DEPRECATED_OBJC_IMPLEMENTATIONS = YES;
				CLANG_WARN_DIRECT_OBJC_ISA_USAGE = YES_ERROR;
				CLANG_WARN_DOCUMENTATION_COMMENTS = YES;
				CLANG_WARN_EMPTY_BODY = YES;
				CLANG_WARN_ENUM_CONVERSION = YES;
				CLANG_WARN_INFINITE_RECURSION = YES;
				CLANG_WARN_INT_CONVERSION = YES;
				CLANG_WARN_NON_LITERAL_NULL_CONVERSION = YES;
				CLANG_WARN_OBJC_IMPLICIT_RETAIN_SELF = YES;
				CLANG_WARN_OBJC_LITERAL_CONVERSION = YES;
				CLANG_WARN_OBJC_ROOT_CLASS = YES_ERROR;
				CLANG_WARN_QUOTED_INCLUDE_IN_FRAMEWORK_HEADER = YES;
				CLANG_WARN_RANGE_LOOP_ANALYSIS = YES;
				CLANG_WARN_STRICT_PROTOTYPES = YES;
				CLANG_WARN_SUSPICIOUS_MOVE = YES;
				CLANG_WARN_UNGUARDED_AVAILABILITY = YES_AGGRESSIVE;
				CLANG_WARN_UNREACHABLE_CODE = YES;
				CLANG_WARN__DUPLICATE_METHOD_MATCH = YES;
				COPY_PHASE_STRIP = NO;
				DEBUG_INFORMATION_FORMAT = dwarf;
				ENABLE_STRICT_OBJC_MSGSEND = YES;
				ENABLE_TESTABILITY = YES;
				GCC_C_LANGUAGE_STANDARD = gnu11;
				GCC_DYNAMIC_NO_PIC = NO;
				GCC_NO_COMMON_BLOCKS = YES;
				GCC_OPTIMIZATION_LEVEL = 0;
				GCC_PREPROCESSOR_DEFINITIONS = (
					"DEBUG=1",
					"$(inherited)",
				);
				GCC_WARN_64_TO_32_BIT_CONVERSION = YES;
				GCC_WARN_ABOUT_RETURN_TYPE = YES_ERROR;
				GCC_WARN_UNDECLARED_SELECTOR = YES;
				GCC_WARN_UNINITIALIZED_AUTOS = YES_AGGRESSIVE;
				GCC_WARN_UNUSED_FUNCTION = YES;
				GCC_WARN_UNUSED_VARIABLE = YES;
				IPHONEOS_DEPLOYMENT_TARGET = 15.2;
				MTL_ENABLE_DEBUG_INFO = INCLUDE_SOURCE;
				MTL_FAST_MATH = YES;
				ONLY_ACTIVE_ARCH = YES;
				SDKROOT = iphoneos;
				SWIFT_ACTIVE_COMPILATION_CONDITIONS = DEBUG;
				SWIFT_OPTIMIZATION_LEVEL = "-Onone";
			};
			name = Debug;
		};
		4B0B5BC727DC791E005EB4D3 /* Release */ = {
			isa = XCBuildConfiguration;
			buildSettings = {
				ALWAYS_SEARCH_USER_PATHS = NO;
				CLANG_ANALYZER_NONNULL = YES;
				CLANG_ANALYZER_NUMBER_OBJECT_CONVERSION = YES_AGGRESSIVE;
				CLANG_CXX_LANGUAGE_STANDARD = "gnu++17";
				CLANG_CXX_LIBRARY = "libc++";
				CLANG_ENABLE_MODULES = YES;
				CLANG_ENABLE_OBJC_ARC = YES;
				CLANG_ENABLE_OBJC_WEAK = YES;
				CLANG_WARN_BLOCK_CAPTURE_AUTORELEASING = YES;
				CLANG_WARN_BOOL_CONVERSION = YES;
				CLANG_WARN_COMMA = YES;
				CLANG_WARN_CONSTANT_CONVERSION = YES;
				CLANG_WARN_DEPRECATED_OBJC_IMPLEMENTATIONS = YES;
				CLANG_WARN_DIRECT_OBJC_ISA_USAGE = YES_ERROR;
				CLANG_WARN_DOCUMENTATION_COMMENTS = YES;
				CLANG_WARN_EMPTY_BODY = YES;
				CLANG_WARN_ENUM_CONVERSION = YES;
				CLANG_WARN_INFINITE_RECURSION = YES;
				CLANG_WARN_INT_CONVERSION = YES;
				CLANG_WARN_NON_LITERAL_NULL_CONVERSION = YES;
				CLANG_WARN_OBJC_IMPLICIT_RETAIN_SELF = YES;
				CLANG_WARN_OBJC_LITERAL_CONVERSION = YES;
				CLANG_WARN_OBJC_ROOT_CLASS = YES_ERROR;
				CLANG_WARN_QUOTED_INCLUDE_IN_FRAMEWORK_HEADER = YES;
				CLANG_WARN_RANGE_LOOP_ANALYSIS = YES;
				CLANG_WARN_STRICT_PROTOTYPES = YES;
				CLANG_WARN_SUSPICIOUS_MOVE = YES;
				CLANG_WARN_UNGUARDED_AVAILABILITY = YES_AGGRESSIVE;
				CLANG_WARN_UNREACHABLE_CODE = YES;
				CLANG_WARN__DUPLICATE_METHOD_MATCH = YES;
				COPY_PHASE_STRIP = NO;
				DEBUG_INFORMATION_FORMAT = "dwarf-with-dsym";
				ENABLE_NS_ASSERTIONS = NO;
				ENABLE_STRICT_OBJC_MSGSEND = YES;
				GCC_C_LANGUAGE_STANDARD = gnu11;
				GCC_NO_COMMON_BLOCKS = YES;
				GCC_WARN_64_TO_32_BIT_CONVERSION = YES;
				GCC_WARN_ABOUT_RETURN_TYPE = YES_ERROR;
				GCC_WARN_UNDECLARED_SELECTOR = YES;
				GCC_WARN_UNINITIALIZED_AUTOS = YES_AGGRESSIVE;
				GCC_WARN_UNUSED_FUNCTION = YES;
				GCC_WARN_UNUSED_VARIABLE = YES;
				IPHONEOS_DEPLOYMENT_TARGET = 15.2;
				MTL_ENABLE_DEBUG_INFO = NO;
				MTL_FAST_MATH = YES;
				SDKROOT = iphoneos;
				SWIFT_COMPILATION_MODE = wholemodule;
				SWIFT_OPTIMIZATION_LEVEL = "-O";
				VALIDATE_PRODUCT = YES;
			};
			name = Release;
		};
		4B0B5BC927DC791E005EB4D3 /* Debug */ = {
			isa = XCBuildConfiguration;
			buildSettings = {
				ALTERNATE_GROUP = "";
				ASSETCATALOG_COMPILER_APPICON_NAME = AppIcon;
				ASSETCATALOG_COMPILER_GLOBAL_ACCENT_COLOR_NAME = AccentColor;
				CODE_SIGN_STYLE = Automatic;
				CURRENT_PROJECT_VERSION = 100;
				DEVELOPMENT_ASSET_PATHS = "\"warriors/Preview Content\"";
				DEVELOPMENT_TEAM = E9GZR66LB7;
				ENABLE_PREVIEWS = YES;
				GENERATE_INFOPLIST_FILE = YES;
				INFOPLIST_KEY_UIApplicationSceneManifest_Generation = YES;
				INFOPLIST_KEY_UIApplicationSupportsIndirectInputEvents = YES;
				INFOPLIST_KEY_UILaunchScreen_Generation = YES;
				INFOPLIST_KEY_UISupportedInterfaceOrientations_iPad = "UIInterfaceOrientationPortrait UIInterfaceOrientationPortraitUpsideDown UIInterfaceOrientationLandscapeLeft UIInterfaceOrientationLandscapeRight";
				INFOPLIST_KEY_UISupportedInterfaceOrientations_iPhone = "UIInterfaceOrientationPortrait UIInterfaceOrientationLandscapeLeft UIInterfaceOrientationLandscapeRight";
				INSTALL_GROUP = "";
				INSTALL_OWNER = "";
				IPHONEOS_DEPLOYMENT_TARGET = 15.0;
				LD_RUNPATH_SEARCH_PATHS = (
					"$(inherited)",
					"@executable_path/Frameworks",
				);
				MARKETING_VERSION = 2.0.1;
				PRODUCT_BUNDLE_IDENTIFIER = "com.ericito.ult-warriors";
				PRODUCT_NAME = "$(TARGET_NAME)";
				SWIFT_EMIT_LOC_STRINGS = YES;
				SWIFT_VERSION = 5.0;
				TARGETED_DEVICE_FAMILY = 1;
			};
			name = Debug;
		};
		4B0B5BCA27DC791E005EB4D3 /* Release */ = {
			isa = XCBuildConfiguration;
			buildSettings = {
				ALTERNATE_GROUP = "";
				ASSETCATALOG_COMPILER_APPICON_NAME = AppIcon;
				ASSETCATALOG_COMPILER_GLOBAL_ACCENT_COLOR_NAME = AccentColor;
				CODE_SIGN_STYLE = Automatic;
				CURRENT_PROJECT_VERSION = 100;
				DEVELOPMENT_ASSET_PATHS = "\"warriors/Preview Content\"";
				DEVELOPMENT_TEAM = E9GZR66LB7;
				ENABLE_PREVIEWS = YES;
				GENERATE_INFOPLIST_FILE = YES;
				INFOPLIST_KEY_UIApplicationSceneManifest_Generation = YES;
				INFOPLIST_KEY_UIApplicationSupportsIndirectInputEvents = YES;
				INFOPLIST_KEY_UILaunchScreen_Generation = YES;
				INFOPLIST_KEY_UISupportedInterfaceOrientations_iPad = "UIInterfaceOrientationPortrait UIInterfaceOrientationPortraitUpsideDown UIInterfaceOrientationLandscapeLeft UIInterfaceOrientationLandscapeRight";
				INFOPLIST_KEY_UISupportedInterfaceOrientations_iPhone = "UIInterfaceOrientationPortrait UIInterfaceOrientationLandscapeLeft UIInterfaceOrientationLandscapeRight";
				INSTALL_GROUP = "";
				INSTALL_OWNER = "";
				IPHONEOS_DEPLOYMENT_TARGET = 15.0;
				LD_RUNPATH_SEARCH_PATHS = (
					"$(inherited)",
					"@executable_path/Frameworks",
				);
				MARKETING_VERSION = 2.0.1;
				PRODUCT_BUNDLE_IDENTIFIER = "com.ericito.ult-warriors";
				PRODUCT_NAME = "$(TARGET_NAME)";
				SWIFT_EMIT_LOC_STRINGS = YES;
				SWIFT_VERSION = 5.0;
				TARGETED_DEVICE_FAMILY = 1;
			};
			name = Release;
		};
/* End XCBuildConfiguration section */

/* Begin XCConfigurationList section */
		4B0B5BB527DC791C005EB4D3 /* Build configuration list for PBXProject "warriors" */ = {
			isa = XCConfigurationList;
			buildConfigurations = (
				4B0B5BC627DC791E005EB4D3 /* Debug */,
				4B0B5BC727DC791E005EB4D3 /* Release */,
			);
			defaultConfigurationIsVisible = 0;
			defaultConfigurationName = Release;
		};
		4B0B5BC827DC791E005EB4D3 /* Build configuration list for PBXNativeTarget "Warriors" */ = {
			isa = XCConfigurationList;
			buildConfigurations = (
				4B0B5BC927DC791E005EB4D3 /* Debug */,
				4B0B5BCA27DC791E005EB4D3 /* Release */,
			);
			defaultConfigurationIsVisible = 0;
			defaultConfigurationName = Release;
		};
/* End XCConfigurationList section */
	};
	rootObject = 4B0B5BB227DC791C005EB4D3 /* Project object */;
}
